
Microsoft Visual Studio Solution File, Format Version 12.00
# Visual Studio 14
VisualStudioVersion = 14.0.24720.0
MinimumVisualStudioVersion = 10.0.40219.1
Project("{8BC9CEB8-8B4A-11D0-8D11-00A0C91BC942}") = "KirinCam", "vc\KirinCam.vcxproj", "{CBCCF9A8-AA90-457D-A988-4D138F3E86D4}"
	ProjectSection(ProjectDependencies) = postProject
		{80FBBE58-A5F2-4B75-B1FC-7BADEACD61CA} = {80FBBE58-A5F2-4B75-B1FC-7BADEACD61CA}
		{0CEC495C-47A6-4457-AF9A-A9C2C535C097} = {0CEC495C-47A6-4457-AF9A-A9C2C535C097}
		{FF7CC9AC-95BB-495D-BD25-1F92E919E395} = {FF7CC9AC-95BB-495D-BD25-1F92E919E395}
		{C9DC65CC-FB6A-4919-B068-F3B35A4BB7BF} = {C9DC65CC-FB6A-4919-B068-F3B35A4BB7BF}
		{032F35ED-0510-4E32-B72F-569B2B25864D} = {032F35ED-0510-4E32-B72F-569B2B25864D}
	EndProjectSection
EndProject
Project("{8BC9CEB8-8B4A-11D0-8D11-00A0C91BC942}") = "OpenGlCommon", "..\OpenGlCommon\OpenGlCommon.vcxproj", "{032F35ED-0510-4E32-B72F-569B2B25864D}"
EndProject
Project("{8BC9CEB8-8B4A-11D0-8D11-00A0C91BC942}") = "CameraRemoteController", "..\CameraRemoteController\vc\CameraRemoteController.vcxproj", "{80FBBE58-A5F2-4B75-B1FC-7BADEACD61CA}"
	ProjectSection(ProjectDependencies) = postProject
		{0CEC495C-47A6-4457-AF9A-A9C2C535C097} = {0CEC495C-47A6-4457-AF9A-A9C2C535C097}
		{FF7CC9AC-95BB-495D-BD25-1F92E919E395} = {FF7CC9AC-95BB-495D-BD25-1F92E919E395}
		{C9DC65CC-FB6A-4919-B068-F3B35A4BB7BF} = {C9DC65CC-FB6A-4919-B068-F3B35A4BB7BF}
	EndProjectSection
EndProject
Project("{8BC9CEB8-8B4A-11D0-8D11-00A0C91BC942}") = "CameraRemoteControllerTest", "..\CameraRemoteControllerTest\CameraRemoteControllerTest.vcxproj", "{959E0C3F-F940-4ACD-BF82-F4671F457326}"
	ProjectSection(ProjectDependencies) = postProject
		{80FBBE58-A5F2-4B75-B1FC-7BADEACD61CA} = {80FBBE58-A5F2-4B75-B1FC-7BADEACD61CA}
		{C9DC65CC-FB6A-4919-B068-F3B35A4BB7BF} = {C9DC65CC-FB6A-4919-B068-F3B35A4BB7BF}
	EndProjectSection
EndProject
Project("{8BC9CEB8-8B4A-11D0-8D11-00A0C91BC942}") = "Common", "..\Common\vc\Common.vcxproj", "{C9DC65CC-FB6A-4919-B068-F3B35A4BB7BF}"
EndProject
Project("{8BC9CEB8-8B4A-11D0-8D11-00A0C91BC942}") = "ImageSource", "..\ImageSource\vc\ImageSource.vcxproj", "{0CEC495C-47A6-4457-AF9A-A9C2C535C097}"
	ProjectSection(ProjectDependencies) = postProject
		{FF7CC9AC-95BB-495D-BD25-1F92E919E395} = {FF7CC9AC-95BB-495D-BD25-1F92E919E395}
		{C9DC65CC-FB6A-4919-B068-F3B35A4BB7BF} = {C9DC65CC-FB6A-4919-B068-F3B35A4BB7BF}
	EndProjectSection
EndProject
Project("{8BC9CEB8-8B4A-11D0-8D11-00A0C91BC942}") = "LiveViewStreamingParser", "..\LiveViewStreamingParser\vc\LiveViewStreamingParser.vcxproj", "{FF7CC9AC-95BB-495D-BD25-1F92E919E395}"
EndProject
Project("{8BC9CEB8-8B4A-11D0-8D11-00A0C91BC942}") = "LiveViewStreamingParserTest", "..\LiveViewStreamingParserTest\LiveViewStreamingParserTest.vcxproj", "{44C3D58C-2A89-4BBD-8122-EC7E4CA02D9B}"
	ProjectSection(ProjectDependencies) = postProject
		{FF7CC9AC-95BB-495D-BD25-1F92E919E395} = {FF7CC9AC-95BB-495D-BD25-1F92E919E395}
	EndProjectSection
EndProject
Global
	GlobalSection(SolutionConfigurationPlatforms) = preSolution
		Debug|x64 = Debug|x64
		Debug|x86 = Debug|x86
		Release|x64 = Release|x64
		Release|x86 = Release|x86
	EndGlobalSection
	GlobalSection(ProjectConfigurationPlatforms) = postSolution
		{CBCCF9A8-AA90-457D-A988-4D138F3E86D4}.Debug|x64.ActiveCfg = Debug|x64
		{CBCCF9A8-AA90-457D-A988-4D138F3E86D4}.Debug|x64.Build.0 = Debug|x64
		{CBCCF9A8-AA90-457D-A988-4D138F3E86D4}.Debug|x86.ActiveCfg = Debug|Win32
		{CBCCF9A8-AA90-457D-A988-4D138F3E86D4}.Debug|x86.Build.0 = Debug|Win32
		{CBCCF9A8-AA90-457D-A988-4D138F3E86D4}.Release|x64.ActiveCfg = Release|x64
		{CBCCF9A8-AA90-457D-A988-4D138F3E86D4}.Release|x64.Build.0 = Release|x64
		{CBCCF9A8-AA90-457D-A988-4D138F3E86D4}.Release|x86.ActiveCfg = Release|Win32
		{CBCCF9A8-AA90-457D-A988-4D138F3E86D4}.Release|x86.Build.0 = Release|Win32
		{032F35ED-0510-4E32-B72F-569B2B25864D}.Debug|x64.ActiveCfg = Debug|x64
		{032F35ED-0510-4E32-B72F-569B2B25864D}.Debug|x64.Build.0 = Debug|x64
		{032F35ED-0510-4E32-B72F-569B2B25864D}.Debug|x86.ActiveCfg = Debug|Win32
		{032F35ED-0510-4E32-B72F-569B2B25864D}.Debug|x86.Build.0 = Debug|Win32
		{032F35ED-0510-4E32-B72F-569B2B25864D}.Release|x64.ActiveCfg = Release|x64
		{032F35ED-0510-4E32-B72F-569B2B25864D}.Release|x64.Build.0 = Release|x64
		{032F35ED-0510-4E32-B72F-569B2B25864D}.Release|x86.ActiveCfg = Release|Win32
		{032F35ED-0510-4E32-B72F-569B2B25864D}.Release|x86.Build.0 = Release|Win32
		{80FBBE58-A5F2-4B75-B1FC-7BADEACD61CA}.Debug|x64.ActiveCfg = Debug|Win32
		{80FBBE58-A5F2-4B75-B1FC-7BADEACD61CA}.Debug|x86.ActiveCfg = Debug|Win32
		{80FBBE58-A5F2-4B75-B1FC-7BADEACD61CA}.Debug|x86.Build.0 = Debug|Win32
		{80FBBE58-A5F2-4B75-B1FC-7BADEACD61CA}.Release|x64.ActiveCfg = Release|Win32
		{80FBBE58-A5F2-4B75-B1FC-7BADEACD61CA}.Release|x86.ActiveCfg = Release|Win32
		{80FBBE58-A5F2-4B75-B1FC-7BADEACD61CA}.Release|x86.Build.0 = Release|Win32
		{959E0C3F-F940-4ACD-BF82-F4671F457326}.Debug|x64.ActiveCfg = Debug|Win32
		{959E0C3F-F940-4ACD-BF82-F4671F457326}.Debug|x86.ActiveCfg = Debug|Win32
		{959E0C3F-F940-4ACD-BF82-F4671F457326}.Debug|x86.Build.0 = Debug|Win32
		{959E0C3F-F940-4ACD-BF82-F4671F457326}.Release|x64.ActiveCfg = Release|Win32
		{959E0C3F-F940-4ACD-BF82-F4671F457326}.Release|x86.ActiveCfg = Release|Win32
		{959E0C3F-F940-4ACD-BF82-F4671F457326}.Release|x86.Build.0 = Release|Win32
		{C9DC65CC-FB6A-4919-B068-F3B35A4BB7BF}.Debug|x64.ActiveCfg = Debug|Win32
		{C9DC65CC-FB6A-4919-B068-F3B35A4BB7BF}.Debug|x86.ActiveCfg = Debug|Win32
		{C9DC65CC-FB6A-4919-B068-F3B35A4BB7BF}.Debug|x86.Build.0 = Debug|Win32
		{C9DC65CC-FB6A-4919-B068-F3B35A4BB7BF}.Release|x64.ActiveCfg = Release|Win32
		{C9DC65CC-FB6A-4919-B068-F3B35A4BB7BF}.Release|x86.ActiveCfg = Release|Win32
		{C9DC65CC-FB6A-4919-B068-F3B35A4BB7BF}.Release|x86.Build.0 = Release|Win32
		{0CEC495C-47A6-4457-AF9A-A9C2C535C097}.Debug|x64.ActiveCfg = Debug|Win32
		{0CEC495C-47A6-4457-AF9A-A9C2C535C097}.Debug|x86.ActiveCfg = Debug|Win32
		{0CEC495C-47A6-4457-AF9A-A9C2C535C097}.Debug|x86.Build.0 = Debug|Win32
		{0CEC495C-47A6-4457-AF9A-A9C2C535C097}.Release|x64.ActiveCfg = Release|Win32
		{0CEC495C-47A6-4457-AF9A-A9C2C535C097}.Release|x86.ActiveCfg = Release|Win32
		{0CEC495C-47A6-4457-AF9A-A9C2C535C097}.Release|x86.Build.0 = Release|Win32
		{FF7CC9AC-95BB-495D-BD25-1F92E919E395}.Debug|x64.ActiveCfg = Debug|Win32
		{FF7CC9AC-95BB-495D-BD25-1F92E919E395}.Debug|x86.ActiveCfg = Debug|Win32
		{FF7CC9AC-95BB-495D-BD25-1F92E919E395}.Debug|x86.Build.0 = Debug|Win32
		{FF7CC9AC-95BB-495D-BD25-1F92E919E395}.Release|x64.ActiveCfg = Release|Win32
		{FF7CC9AC-95BB-495D-BD25-1F92E919E395}.Release|x86.ActiveCfg = Release|Win32
		{FF7CC9AC-95BB-495D-BD25-1F92E919E395}.Release|x86.Build.0 = Release|Win32
		{44C3D58C-2A89-4BBD-8122-EC7E4CA02D9B}.Debug|x64.ActiveCfg = Debug|Win32
		{44C3D58C-2A89-4BBD-8122-EC7E4CA02D9B}.Debug|x86.ActiveCfg = Debug|Win32
		{44C3D58C-2A89-4BBD-8122-EC7E4CA02D9B}.Debug|x86.Build.0 = Debug|Win32
		{44C3D58C-2A89-4BBD-8122-EC7E4CA02D9B}.Release|x64.ActiveCfg = Release|Win32
		{44C3D58C-2A89-4BBD-8122-EC7E4CA02D9B}.Release|x86.ActiveCfg = Release|Win32
		{44C3D58C-2A89-4BBD-8122-EC7E4CA02D9B}.Release|x86.Build.0 = Release|Win32
	EndGlobalSection
	GlobalSection(SolutionProperties) = preSolution
		HideSolutionNode = FALSE
	EndGlobalSection
EndGlobal
